
Microsoft Visual Studio Solution File, Format Version 12.00
# Visual Studio Version 17
VisualStudioVersion = 17.12.35506.116
MinimumVisualStudioVersion = 10.0.40219.1
Project("{2150E333-8FDC-42A3-9474-1A3956D46DE8}") = "Core", "Core", "{48CEEFE2-B86A-4A7F-85B3-DDC01549ACE2}"
EndProject
Project("{2150E333-8FDC-42A3-9474-1A3956D46DE8}") = "Data", "Data", "{2073AAC7-4EAA-4595-A83B-9780E2426AFD}"
EndProject
Project("{2150E333-8FDC-42A3-9474-1A3956D46DE8}") = "Api", "Api", "{FCB223F1-B2BA-42AC-B442-64AA464C6569}"
EndProject
Project("{2150E333-8FDC-42A3-9474-1A3956D46DE8}") = "Web", "Web", "{9D6F05E5-E0C5-4D32-8243-1643DD3B5086}"
EndProject
Project("{FAE04EC0-301F-11D3-BF4B-00C04F79EFBC}") = "Api", "Api\Api.csproj", "{D43F0286-7C62-45A6-8E88-1D8D92F4E1EC}"
EndProject
Project("{FAE04EC0-301F-11D3-BF4B-00C04F79EFBC}") = "Api.Infrastructure", "Api.Infrastructure\Api.Infrastructure.csproj", "{FD8E672B-BE51-45C7-8F72-237D6A63E3A4}"
EndProject
Project("{FAE04EC0-301F-11D3-BF4B-00C04F79EFBC}") = "Data.Postgres", "Data.Postgres\Data.Postgres.csproj", "{9E0EF6D9-16CD-4C68-8763-9B3BD8D5A5DD}"
EndProject
Project("{FAE04EC0-301F-11D3-BF4B-00C04F79EFBC}") = "Core", "Core\Core.csproj", "{A8A6DD7D-EA8F-4249-9542-3B8D64D7943A}"
EndProject
Project("{FAE04EC0-301F-11D3-BF4B-00C04F79EFBC}") = "Core.Exceptions", "Core.Exceptions\Core.Exceptions.csproj", "{1F5994CB-E797-4CC7-AD5B-BCFD13327E60}"
EndProject
Project("{FAE04EC0-301F-11D3-BF4B-00C04F79EFBC}") = "Data.Infrastructure", "Data.Infrastructure\Data.Infrastructure.csproj", "{207FAB6D-D73E-42E5-BFE0-315AE63142A4}"
EndProject
Project("{FAE04EC0-301F-11D3-BF4B-00C04F79EFBC}") = "Core.Infrastructure", "Core.Infrastructure\Core.Infrastructure.csproj", "{2AD3ABCE-32D9-4D30-941D-F1290B89FEE6}"
EndProject
Project("{FAE04EC0-301F-11D3-BF4B-00C04F79EFBC}") = "Web", "Web\Web.csproj", "{612AE506-C250-44AD-8A5A-812E6B331FCA}"
EndProject
Project("{FAE04EC0-301F-11D3-BF4B-00C04F79EFBC}") = "Data.Contracts", "Data.Contracts\Data.Contracts.csproj", "{AAE4FC61-4037-4710-9711-F4AF438BA3F3}"
EndProject
Project("{FAE04EC0-301F-11D3-BF4B-00C04F79EFBC}") = "Core.Models", "Core.Models\Core.Models.csproj", "{DAA9E794-E806-4CAE-8DF1-3FEF4EC5E507}"
EndProject
Project("{FAE04EC0-301F-11D3-BF4B-00C04F79EFBC}") = "Data.UnitTests", "Data.UnitTests\Data.UnitTests.csproj", "{A7A57CED-5C47-4FAE-B14A-B9707D392871}"
EndProject
Project("{FAE04EC0-301F-11D3-BF4B-00C04F79EFBC}") = "Api.UnitTests", "Api.UnitTests\Api.UnitTests.csproj", "{464B8191-4FE9-4830-86C3-39BE03DD2B4D}"
EndProject
Project("{FAE04EC0-301F-11D3-BF4B-00C04F79EFBC}") = "Core.Manager", "Core.Manager\Core.Manager.csproj", "{EF003601-0C74-4D02-A635-E9F0CAAFC472}"
EndProject
Project("{FAE04EC0-301F-11D3-BF4B-00C04F79EFBC}") = "Core.Contracts", "Core.Contracts\Core.Contracts.csproj", "{4358F5CC-AE59-4A9B-AC08-BCCDE0CE16E8}"
EndProject
Project("{FAE04EC0-301F-11D3-BF4B-00C04F79EFBC}") = "UnitTest.Utils", "UnitTest.Utils\UnitTest.Utils.csproj", "{277A6E8E-3936-4C12-B509-B3D5A1E7AB48}"
EndProject
Global
	GlobalSection(SolutionConfigurationPlatforms) = preSolution
		Debug|Any CPU = Debug|Any CPU
		Release|Any CPU = Release|Any CPU
	EndGlobalSection
	GlobalSection(ProjectConfigurationPlatforms) = postSolution
		{D43F0286-7C62-45A6-8E88-1D8D92F4E1EC}.Debug|Any CPU.ActiveCfg = Debug|Any CPU
		{D43F0286-7C62-45A6-8E88-1D8D92F4E1EC}.Debug|Any CPU.Build.0 = Debug|Any CPU
		{D43F0286-7C62-45A6-8E88-1D8D92F4E1EC}.Release|Any CPU.ActiveCfg = Release|Any CPU
		{D43F0286-7C62-45A6-8E88-1D8D92F4E1EC}.Release|Any CPU.Build.0 = Release|Any CPU
		{FD8E672B-BE51-45C7-8F72-237D6A63E3A4}.Debug|Any CPU.ActiveCfg = Debug|Any CPU
		{FD8E672B-BE51-45C7-8F72-237D6A63E3A4}.Debug|Any CPU.Build.0 = Debug|Any CPU
		{FD8E672B-BE51-45C7-8F72-237D6A63E3A4}.Release|Any CPU.ActiveCfg = Release|Any CPU
		{FD8E672B-BE51-45C7-8F72-237D6A63E3A4}.Release|Any CPU.Build.0 = Release|Any CPU
		{9E0EF6D9-16CD-4C68-8763-9B3BD8D5A5DD}.Debug|Any CPU.ActiveCfg = Debug|Any CPU
		{9E0EF6D9-16CD-4C68-8763-9B3BD8D5A5DD}.Debug|Any CPU.Build.0 = Debug|Any CPU
		{9E0EF6D9-16CD-4C68-8763-9B3BD8D5A5DD}.Release|Any CPU.ActiveCfg = Release|Any CPU
		{9E0EF6D9-16CD-4C68-8763-9B3BD8D5A5DD}.Release|Any CPU.Build.0 = Release|Any CPU
		{A8A6DD7D-EA8F-4249-9542-3B8D64D7943A}.Debug|Any CPU.ActiveCfg = Debug|Any CPU
		{A8A6DD7D-EA8F-4249-9542-3B8D64D7943A}.Debug|Any CPU.Build.0 = Debug|Any CPU
		{A8A6DD7D-EA8F-4249-9542-3B8D64D7943A}.Release|Any CPU.ActiveCfg = Release|Any CPU
		{A8A6DD7D-EA8F-4249-9542-3B8D64D7943A}.Release|Any CPU.Build.0 = Release|Any CPU
		{1F5994CB-E797-4CC7-AD5B-BCFD13327E60}.Debug|Any CPU.ActiveCfg = Debug|Any CPU
		{1F5994CB-E797-4CC7-AD5B-BCFD13327E60}.Debug|Any CPU.Build.0 = Debug|Any CPU
		{1F5994CB-E797-4CC7-AD5B-BCFD13327E60}.Release|Any CPU.ActiveCfg = Release|Any CPU
		{1F5994CB-E797-4CC7-AD5B-BCFD13327E60}.Release|Any CPU.Build.0 = Release|Any CPU
		{207FAB6D-D73E-42E5-BFE0-315AE63142A4}.Debug|Any CPU.ActiveCfg = Debug|Any CPU
		{207FAB6D-D73E-42E5-BFE0-315AE63142A4}.Debug|Any CPU.Build.0 = Debug|Any CPU
		{207FAB6D-D73E-42E5-BFE0-315AE63142A4}.Release|Any CPU.ActiveCfg = Release|Any CPU
		{207FAB6D-D73E-42E5-BFE0-315AE63142A4}.Release|Any CPU.Build.0 = Release|Any CPU
		{2AD3ABCE-32D9-4D30-941D-F1290B89FEE6}.Debug|Any CPU.ActiveCfg = Debug|Any CPU
		{2AD3ABCE-32D9-4D30-941D-F1290B89FEE6}.Debug|Any CPU.Build.0 = Debug|Any CPU
		{2AD3ABCE-32D9-4D30-941D-F1290B89FEE6}.Release|Any CPU.ActiveCfg = Release|Any CPU
		{2AD3ABCE-32D9-4D30-941D-F1290B89FEE6}.Release|Any CPU.Build.0 = Release|Any CPU
		{612AE506-C250-44AD-8A5A-812E6B331FCA}.Debug|Any CPU.ActiveCfg = Debug|Any CPU
		{612AE506-C250-44AD-8A5A-812E6B331FCA}.Debug|Any CPU.Build.0 = Debug|Any CPU
		{612AE506-C250-44AD-8A5A-812E6B331FCA}.Release|Any CPU.ActiveCfg = Release|Any CPU
		{612AE506-C250-44AD-8A5A-812E6B331FCA}.Release|Any CPU.Build.0 = Release|Any CPU
		{AAE4FC61-4037-4710-9711-F4AF438BA3F3}.Debug|Any CPU.ActiveCfg = Debug|Any CPU
		{AAE4FC61-4037-4710-9711-F4AF438BA3F3}.Debug|Any CPU.Build.0 = Debug|Any CPU
		{AAE4FC61-4037-4710-9711-F4AF438BA3F3}.Release|Any CPU.ActiveCfg = Release|Any CPU
		{AAE4FC61-4037-4710-9711-F4AF438BA3F3}.Release|Any CPU.Build.0 = Release|Any CPU
		{DAA9E794-E806-4CAE-8DF1-3FEF4EC5E507}.Debug|Any CPU.ActiveCfg = Debug|Any CPU
		{DAA9E794-E806-4CAE-8DF1-3FEF4EC5E507}.Debug|Any CPU.Build.0 = Debug|Any CPU
		{DAA9E794-E806-4CAE-8DF1-3FEF4EC5E507}.Release|Any CPU.ActiveCfg = Release|Any CPU
		{DAA9E794-E806-4CAE-8DF1-3FEF4EC5E507}.Release|Any CPU.Build.0 = Release|Any CPU
		{A7A57CED-5C47-4FAE-B14A-B9707D392871}.Debug|Any CPU.ActiveCfg = Debug|Any CPU
		{A7A57CED-5C47-4FAE-B14A-B9707D392871}.Debug|Any CPU.Build.0 = Debug|Any CPU
		{A7A57CED-5C47-4FAE-B14A-B9707D392871}.Release|Any CPU.ActiveCfg = Release|Any CPU
		{A7A57CED-5C47-4FAE-B14A-B9707D392871}.Release|Any CPU.Build.0 = Release|Any CPU
		{464B8191-4FE9-4830-86C3-39BE03DD2B4D}.Debug|Any CPU.ActiveCfg = Debug|Any CPU
		{464B8191-4FE9-4830-86C3-39BE03DD2B4D}.Debug|Any CPU.Build.0 = Debug|Any CPU
		{464B8191-4FE9-4830-86C3-39BE03DD2B4D}.Release|Any CPU.ActiveCfg = Release|Any CPU
		{464B8191-4FE9-4830-86C3-39BE03DD2B4D}.Release|Any CPU.Build.0 = Release|Any CPU
		{EF003601-0C74-4D02-A635-E9F0CAAFC472}.Debug|Any CPU.ActiveCfg = Debug|Any CPU
		{EF003601-0C74-4D02-A635-E9F0CAAFC472}.Debug|Any CPU.Build.0 = Debug|Any CPU
		{EF003601-0C74-4D02-A635-E9F0CAAFC472}.Release|Any CPU.ActiveCfg = Release|Any CPU
		{EF003601-0C74-4D02-A635-E9F0CAAFC472}.Release|Any CPU.Build.0 = Release|Any CPU
		{4358F5CC-AE59-4A9B-AC08-BCCDE0CE16E8}.Debug|Any CPU.ActiveCfg = Debug|Any CPU
		{4358F5CC-AE59-4A9B-AC08-BCCDE0CE16E8}.Debug|Any CPU.Build.0 = Debug|Any CPU
		{4358F5CC-AE59-4A9B-AC08-BCCDE0CE16E8}.Release|Any CPU.ActiveCfg = Release|Any CPU
		{4358F5CC-AE59-4A9B-AC08-BCCDE0CE16E8}.Release|Any CPU.Build.0 = Release|Any CPU
		{277A6E8E-3936-4C12-B509-B3D5A1E7AB48}.Debug|Any CPU.ActiveCfg = Debug|Any CPU
		{277A6E8E-3936-4C12-B509-B3D5A1E7AB48}.Debug|Any CPU.Build.0 = Debug|Any CPU
		{277A6E8E-3936-4C12-B509-B3D5A1E7AB48}.Release|Any CPU.ActiveCfg = Release|Any CPU
		{277A6E8E-3936-4C12-B509-B3D5A1E7AB48}.Release|Any CPU.Build.0 = Release|Any CPU
	EndGlobalSection
	GlobalSection(SolutionProperties) = preSolution
		HideSolutionNode = FALSE
	EndGlobalSection
	GlobalSection(NestedProjects) = preSolution
		{D43F0286-7C62-45A6-8E88-1D8D92F4E1EC} = {FCB223F1-B2BA-42AC-B442-64AA464C6569}
		{FD8E672B-BE51-45C7-8F72-237D6A63E3A4} = {FCB223F1-B2BA-42AC-B442-64AA464C6569}
		{9E0EF6D9-16CD-4C68-8763-9B3BD8D5A5DD} = {2073AAC7-4EAA-4595-A83B-9780E2426AFD}
		{A8A6DD7D-EA8F-4249-9542-3B8D64D7943A} = {48CEEFE2-B86A-4A7F-85B3-DDC01549ACE2}
		{1F5994CB-E797-4CC7-AD5B-BCFD13327E60} = {48CEEFE2-B86A-4A7F-85B3-DDC01549ACE2}
		{207FAB6D-D73E-42E5-BFE0-315AE63142A4} = {2073AAC7-4EAA-4595-A83B-9780E2426AFD}
		{2AD3ABCE-32D9-4D30-941D-F1290B89FEE6} = {48CEEFE2-B86A-4A7F-85B3-DDC01549ACE2}
		{612AE506-C250-44AD-8A5A-812E6B331FCA} = {9D6F05E5-E0C5-4D32-8243-1643DD3B5086}
		{AAE4FC61-4037-4710-9711-F4AF438BA3F3} = {2073AAC7-4EAA-4595-A83B-9780E2426AFD}
		{DAA9E794-E806-4CAE-8DF1-3FEF4EC5E507} = {48CEEFE2-B86A-4A7F-85B3-DDC01549ACE2}
		{A7A57CED-5C47-4FAE-B14A-B9707D392871} = {2073AAC7-4EAA-4595-A83B-9780E2426AFD}
		{464B8191-4FE9-4830-86C3-39BE03DD2B4D} = {FCB223F1-B2BA-42AC-B442-64AA464C6569}
		{EF003601-0C74-4D02-A635-E9F0CAAFC472} = {48CEEFE2-B86A-4A7F-85B3-DDC01549ACE2}
		{4358F5CC-AE59-4A9B-AC08-BCCDE0CE16E8} = {48CEEFE2-B86A-4A7F-85B3-DDC01549ACE2}
	EndGlobalSection
EndGlobal
